
Microsoft Visual Studio Solution File, Format Version 12.00
# Visual Studio Version 17
VisualStudioVersion = 17.5.002.0
MinimumVisualStudioVersion = 10.0.40219.1
Project("{9A19103F-16F7-4668-BE54-9A1E7A4F7556}") = "project c", "project c.csproj", "{92C7FF1E-E9BA-4337-B7B9-5B11FD1E38AD}"
EndProject
Global
	GlobalSection(SolutionConfigurationPlatforms) = preSolution
		Debug|Any CPU = Debug|Any CPU
		Release|Any CPU = Release|Any CPU
	EndGlobalSection
	GlobalSection(ProjectConfigurationPlatforms) = postSolution
		{92C7FF1E-E9BA-4337-B7B9-5B11FD1E38AD}.Debug|Any CPU.ActiveCfg = Debug|Any CPU
		{92C7FF1E-E9BA-4337-B7B9-5B11FD1E38AD}.Debug|Any CPU.Build.0 = Debug|Any CPU
		{92C7FF1E-E9BA-4337-B7B9-5B11FD1E38AD}.Release|Any CPU.ActiveCfg = Release|Any CPU
		{92C7FF1E-E9BA-4337-B7B9-5B11FD1E38AD}.Release|Any CPU.Build.0 = Release|Any CPU
	EndGlobalSection
	GlobalSection(SolutionProperties) = preSolution
		HideSolutionNode = FALSE
	EndGlobalSection
	GlobalSection(ExtensibilityGlobals) = postSolution
		SolutionGuid = {61163378-67F4-41B7-880C-FCCCE275846C}
	EndGlobalSection
EndGlobal
